
Microsoft Visual Studio Solution File, Format Version 12.00
# Visual Studio Version 16
VisualStudioVersion = 16.0.30309.148
MinimumVisualStudioVersion = 10.0.40219.1
Project("{FAE04EC0-301F-11D3-BF4B-00C04F79EFBC}") = "UserIdentityPr", "UserIdentityPr\UserIdentityPr.csproj", "{FDE75DE2-53A9-4A20-B822-82553C55D5F4}"
EndProject
Global
	GlobalSection(SolutionConfigurationPlatforms) = preSolution
		Debug|Any CPU = Debug|Any CPU
		Release|Any CPU = Release|Any CPU
	EndGlobalSection
	GlobalSection(ProjectConfigurationPlatforms) = postSolution
		{FDE75DE2-53A9-4A20-B822-82553C55D5F4}.Debug|Any CPU.ActiveCfg = Debug|Any CPU
		{FDE75DE2-53A9-4A20-B822-82553C55D5F4}.Debug|Any CPU.Build.0 = Debug|Any CPU
		{FDE75DE2-53A9-4A20-B822-82553C55D5F4}.Release|Any CPU.ActiveCfg = Release|Any CPU
		{FDE75DE2-53A9-4A20-B822-82553C55D5F4}.Release|Any CPU.Build.0 = Release|Any CPU
	EndGlobalSection
	GlobalSection(SolutionProperties) = preSolution
		HideSolutionNode = FALSE
	EndGlobalSection
	GlobalSection(ExtensibilityGlobals) = postSolution
		SolutionGuid = {29E292C9-E2F0-4AEF-BFB5-8DD49D52DE5C}
	EndGlobalSection
EndGlobal
